{
  "name": "@agent-mesh/sdk",
  "version": "0.1.0",
  "lockfileVersion": 3,
  "requires": true,
  "packages": {
    "": {
      "name": "@agent-mesh/sdk",
      "version": "0.1.0",
      "license": "Apache-2.0",
      "dependencies": {
        "@bufbuild/protobuf": "^2.15.0"
      },
      "devDependencies": {
        "@bufbuild/protoc-gen-es": "^2.15.0",
        "@types/node": "^22.19.0",
        "typescript": "^5.9.3"
      },
      "engines": {
        "node": ">=22.18"
      }
    },
    "node_modules/@bufbuild/protobuf": {
      "version": "2.15.0",
      "resolved": "http://airlock-proxy.uplink.goog:999/npm/artifact-foundry-prod/ah-3p-staging-npm/@bufbuild/protobuf/-/protobuf-2.15.0.tgz",
      "integrity": "sha512-DAheWUkVr/SJTWCc+lg9dhY0eN4SaWlf4+bG1KzHeXbnqt0AfB/NX0Z+VunGlM1ki1B4zVvye27MpKh/svySUA==",
      "license": "(Apache-2.0 AND BSD-3-Clause)"
    },
    "node_modules/@bufbuild/protoc-gen-es": {
      "version": "2.15.0",
      "resolved": "http://airlock-proxy.uplink.goog:999/npm/artifact-foundry-prod/ah-3p-staging-npm/@bufbuild/protoc-gen-es/-/protoc-gen-es-2.15.0.tgz",
      "integrity": "sha512-FRhNTAZEXW6arWx2JxgtpuazhmewYctXugu5SfXGpXpLLCInDT1005fSKDzEM/70Es2oIn07PM4RvpwvDvR/fg==",
      "dev": true,
      "license": "Apache-2.0",
      "dependencies": {
        "@bufbuild/protobuf": "2.15.0",
        "@bufbuild/protoplugin": "2.15.0"
      },
      "bin": {
        "protoc-gen-es": "bin/protoc-gen-es"
      },
      "engines": {
        "node": ">=22"
      },
      "peerDependencies": {
        "@bufbuild/protobuf": "2.15.0"
      },
      "peerDependenciesMeta": {
        "@bufbuild/protobuf": {
          "optional": true
        }
      }
    },
    "node_modules/@bufbuild/protoplugin": {
      "version": "2.15.0",
      "resolved": "http://airlock-proxy.uplink.goog:999/npm/artifact-foundry-prod/ah-3p-staging-npm/@bufbuild/protoplugin/-/protoplugin-2.15.0.tgz",
      "integrity": "sha512-vZhRoqB/jTHATqItRvJQf1zbxdrGRRhiusGty4+lKcfEFODG0PMXky2Ezv4WHHS6oSxq+5qShITuE7K1/82SuQ==",
      "dev": true,
      "license": "Apache-2.0",
      "dependencies": {
        "@bufbuild/protobuf": "2.15.0",
        "@typescript/vfs": "^1.6.2",
        "typescript": "5.4.5"
      }
    },
    "node_modules/@bufbuild/protoplugin/node_modules/typescript": {
      "version": "5.4.5",
      "resolved": "http://airlock-proxy.uplink.goog:999/npm/artifact-foundry-prod/ah-3p-staging-npm/typescript/-/typescript-5.4.5.tgz",
      "integrity": "sha512-vcI4UpRgg81oIRUFwR0WSIHKt11nJ7SAVlYNIu+QpqeyXP+gpQJy/Z4+F0aGxSE4MqwjyXvW/TzgkLAx2AGHwQ==",
      "dev": true,
      "license": "Apache-2.0",
      "bin": {
        "tsc": "bin/tsc",
        "tsserver": "bin/tsserver"
      },
      "engines": {
        "node": ">=14.17"
      }
    },
    "node_modules/@types/node": {
      "version": "22.20.4",
      "resolved": "http://airlock-proxy.uplink.goog:999/npm/artifact-foundry-prod/ah-3p-staging-npm/@types/node/-/node-22.20.4.tgz",
      "integrity": "sha512-zJRE40jpHtKqE/C4fgHrAKQLJuSpzEnP9ff9Y7YtoR3Wd2pwqzlekDeEuUQXjRd+QCYnVnNwuJYmhdk9XV8gvA==",
      "dev": true,
      "license": "MIT",
      "dependencies": {
        "undici-types": "~6.21.0"
      }
    },
    "node_modules/@typescript/vfs": {
      "version": "1.6.5",
      "resolved": "http://airlock-proxy.uplink.goog:999/npm/artifact-foundry-prod/ah-3p-staging-npm/@typescript/vfs/-/vfs-1.6.5.tgz",
      "integrity": "sha512-gobLHQLmvQGJInFk31NvgMd1uYzRXsd8qgnOssyLD055R2QPnw1ubRbBQ4+T+5qC7IQVuYXdvNDE2G7tMDVHgw==",
      "dev": true,
      "license": "MIT",
      "dependencies": {
        "debug": "^4.4.3"
      },
      "peerDependencies": {
        "typescript": "*"
      }
    },
    "node_modules/debug": {
      "version": "4.4.3",
      "resolved": "http://airlock-proxy.uplink.goog:999/npm/artifact-foundry-prod/ah-3p-staging-npm/debug/-/debug-4.4.3.tgz",
      "integrity": "sha512-RGwwWnwQvkVfavKVt22FGLw+xYSdzARwm0ru6DhTVA3umU5hZc28V3kO4stgYryrTlLpuvgI9GiijltAjNbcqA==",
      "dev": true,
      "license": "MIT",
      "dependencies": {
        "ms": "^2.1.3"
      },
      "engines": {
        "node": ">=6.0"
      },
      "peerDependenciesMeta": {
        "supports-color": {
          "optional": true
        }
      }
    },
    "node_modules/ms": {
      "version": "2.1.3",
      "resolved": "http://airlock-proxy.uplink.goog:999/npm/artifact-foundry-prod/ah-3p-staging-npm/ms/-/ms-2.1.3.tgz",
      "integrity": "sha512-6FlzubTLZG3J2a/NVCAleEhjzq5oxgHyaCU9yYXvcLsvoVaHJq/s5xXI6/XXP6tz7R9xAOtHnSO/tXtF3WRTlA==",
      "dev": true,
      "license": "MIT"
    },
    "node_modules/typescript": {
      "version": "5.9.3",
      "resolved": "http://airlock-proxy.uplink.goog:999/npm/artifact-foundry-prod/ah-3p-staging-npm/typescript/-/typescript-5.9.3.tgz",
      "integrity": "sha512-jl1vZzPDinLr9eUt3J/t7V6FgNEw9QjvBPdysz9KfQDD41fQrC2Y4vKQdiaUpFT4bXlb1RHhLpp8wtm6M5TgSw==",
      "dev": true,
      "license": "Apache-2.0",
      "bin": {
        "tsc": "bin/tsc",
        "tsserver": "bin/tsserver"
      },
      "engines": {
        "node": ">=14.17"
      }
    },
    "node_modules/undici-types": {
      "version": "6.21.0",
      "resolved": "http://airlock-proxy.uplink.goog:999/npm/artifact-foundry-prod/ah-3p-staging-npm/undici-types/-/undici-types-6.21.0.tgz",
      "integrity": "sha512-iwDZqg0QAGrg9Rav5H4n0M64c3mkR59cJ6wQp+7C4nI0gsmExaedaYLNO44eT4AtBBwjbTiGPMlt2Md0T9H9JQ==",
      "dev": true,
      "license": "MIT"
    }
  }
}
